
Microsoft Visual Studio Solution File, Format Version 12.00
# Visual Studio 15
VisualStudioVersion = 15.0.27703.2000
MinimumVisualStudioVersion = 10.0.40219.1
Project("{9092AA53-FB77-4645-B42D-1CCCA6BD08BD}") = "WeatherApp", "WeatherApp.njsproj", "{DE4A6123-7A00-436B-87E1-EE50561B762D}"
EndProject
Global
	GlobalSection(SolutionConfigurationPlatforms) = preSolution
		Debug|Any CPU = Debug|Any CPU
		Release|Any CPU = Release|Any CPU
	EndGlobalSection
	GlobalSection(ProjectConfigurationPlatforms) = postSolution
		{DE4A6123-7A00-436B-87E1-EE50561B762D}.Debug|Any CPU.ActiveCfg = Debug|Any CPU
		{DE4A6123-7A00-436B-87E1-EE50561B762D}.Debug|Any CPU.Build.0 = Debug|Any CPU
		{DE4A6123-7A00-436B-87E1-EE50561B762D}.Release|Any CPU.ActiveCfg = Release|Any CPU
		{DE4A6123-7A00-436B-87E1-EE50561B762D}.Release|Any CPU.Build.0 = Release|Any CPU
	EndGlobalSection
	GlobalSection(SolutionProperties) = preSolution
		HideSolutionNode = FALSE
	EndGlobalSection
	GlobalSection(ExtensibilityGlobals) = postSolution
		SolutionGuid = {82544371-930D-4BED-A4C5-993333928748}
	EndGlobalSection
EndGlobal
